
Microsoft Visual Studio Solution File, Format Version 12.00
# Visual Studio 15
VisualStudioVersion = 15.0.28307.539
MinimumVisualStudioVersion = 10.0.40219.1
Project("{FAE04EC0-301F-11D3-BF4B-00C04F79EFBC}") = "ConsoleAppIsolatedStorage", "ConsoleAppIsolatedStorage\ConsoleAppIsolatedStorage.csproj", "{1196FDD9-6263-4C4E-AB00-474D3F562D10}"
EndProject
Global
	GlobalSection(SolutionConfigurationPlatforms) = preSolution
		Debug|Any CPU = Debug|Any CPU
		Release|Any CPU = Release|Any CPU
	EndGlobalSection
	GlobalSection(ProjectConfigurationPlatforms) = postSolution
		{1196FDD9-6263-4C4E-AB00-474D3F562D10}.Debug|Any CPU.ActiveCfg = Debug|Any CPU
		{1196FDD9-6263-4C4E-AB00-474D3F562D10}.Debug|Any CPU.Build.0 = Debug|Any CPU
		{1196FDD9-6263-4C4E-AB00-474D3F562D10}.Release|Any CPU.ActiveCfg = Release|Any CPU
		{1196FDD9-6263-4C4E-AB00-474D3F562D10}.Release|Any CPU.Build.0 = Release|Any CPU
	EndGlobalSection
	GlobalSection(SolutionProperties) = preSolution
		HideSolutionNode = FALSE
	EndGlobalSection
	GlobalSection(ExtensibilityGlobals) = postSolution
		SolutionGuid = {3370C5CC-60EE-467A-8A5B-7962235DBE55}
	EndGlobalSection
EndGlobal
